
Microsoft Visual Studio Solution File, Format Version 12.00
# Visual Studio Version 17
VisualStudioVersion = 17.1.32407.343
MinimumVisualStudioVersion = 10.0.40219.1
Project("{FAE04EC0-301F-11D3-BF4B-00C04F79EFBC}") = "FavroUpdater.Console", "FavroUpdater.Console\FavroUpdater.Console.csproj", "{4EB5A9E5-9B44-4A36-A5DF-E93120CCF3E1}"
EndProject
Project("{2150E333-8FDC-42A3-9474-1A3956D46DE8}") = "SolutionItems", "SolutionItems", "{B18A4216-A05E-453C-BFD3-CE0F6B7161ED}"
	ProjectSection(SolutionItems) = preProject
		.dockerignore = .dockerignore
		.gitignore = .gitignore
		Dockerfile = Dockerfile
		README.md = README.md
		LICENSE = LICENSE
		action.yml = action.yml
	EndProjectSection
EndProject
Global
	GlobalSection(SolutionConfigurationPlatforms) = preSolution
		Debug|Any CPU = Debug|Any CPU
		Release|Any CPU = Release|Any CPU
	EndGlobalSection
	GlobalSection(ProjectConfigurationPlatforms) = postSolution
		{4EB5A9E5-9B44-4A36-A5DF-E93120CCF3E1}.Debug|Any CPU.ActiveCfg = Debug|Any CPU
		{4EB5A9E5-9B44-4A36-A5DF-E93120CCF3E1}.Debug|Any CPU.Build.0 = Debug|Any CPU
		{4EB5A9E5-9B44-4A36-A5DF-E93120CCF3E1}.Release|Any CPU.ActiveCfg = Release|Any CPU
		{4EB5A9E5-9B44-4A36-A5DF-E93120CCF3E1}.Release|Any CPU.Build.0 = Release|Any CPU
	EndGlobalSection
	GlobalSection(SolutionProperties) = preSolution
		HideSolutionNode = FALSE
	EndGlobalSection
	GlobalSection(ExtensibilityGlobals) = postSolution
		SolutionGuid = {CFF96604-4366-4A58-BC9F-CFAF4A35BDF4}
	EndGlobalSection
EndGlobal
